
Microsoft Visual Studio Solution File, Format Version 12.00
# Visual Studio Version 17
VisualStudioVersion = 17.14.36221.1 d17.14
MinimumVisualStudioVersion = 10.0.40219.1
Project("{FAE04EC0-301F-11D3-BF4B-00C04F79EFBC}") = "OraiProjekt", "OraiProjekt\OraiProjekt.csproj", "{24D8A237-47CE-49DB-AF21-6C7C9349E379}"
EndProject
Global
	GlobalSection(SolutionConfigurationPlatforms) = preSolution
		Debug|Any CPU = Debug|Any CPU
		Release|Any CPU = Release|Any CPU
	EndGlobalSection
	GlobalSection(ProjectConfigurationPlatforms) = postSolution
		{24D8A237-47CE-49DB-AF21-6C7C9349E379}.Debug|Any CPU.ActiveCfg = Debug|Any CPU
		{24D8A237-47CE-49DB-AF21-6C7C9349E379}.Debug|Any CPU.Build.0 = Debug|Any CPU
		{24D8A237-47CE-49DB-AF21-6C7C9349E379}.Release|Any CPU.ActiveCfg = Release|Any CPU
		{24D8A237-47CE-49DB-AF21-6C7C9349E379}.Release|Any CPU.Build.0 = Release|Any CPU
	EndGlobalSection
	GlobalSection(SolutionProperties) = preSolution
		HideSolutionNode = FALSE
	EndGlobalSection
	GlobalSection(ExtensibilityGlobals) = postSolution
		SolutionGuid = {73FD9B64-A74D-42FF-A79B-395A97CC248F}
	EndGlobalSection
EndGlobal
